
Microsoft Visual Studio Solution File, Format Version 12.00
# Visual Studio Version 17
VisualStudioVersion = 17.11.35327.3
MinimumVisualStudioVersion = 10.0.40219.1
Project("{9A19103F-16F7-4668-BE54-9A1E7A4F7556}") = "WordCount", "WordCount\WordCount.csproj", "{7F3C2C10-4CCF-4D00-9B55-89EAB78E0DC9}"
EndProject
Project("{FAE04EC0-301F-11D3-BF4B-00C04F79EFBC}") = "BMIMonitor", "BMIMonitor\BMIMonitor.csproj", "{DFB51A98-8BC8-4E47-BCFC-DAA7DF98A866}"
EndProject
Global
	GlobalSection(SolutionConfigurationPlatforms) = preSolution
		Debug|Any CPU = Debug|Any CPU
		Release|Any CPU = Release|Any CPU
	EndGlobalSection
	GlobalSection(ProjectConfigurationPlatforms) = postSolution
		{7F3C2C10-4CCF-4D00-9B55-89EAB78E0DC9}.Debug|Any CPU.ActiveCfg = Debug|Any CPU
		{7F3C2C10-4CCF-4D00-9B55-89EAB78E0DC9}.Debug|Any CPU.Build.0 = Debug|Any CPU
		{7F3C2C10-4CCF-4D00-9B55-89EAB78E0DC9}.Release|Any CPU.ActiveCfg = Release|Any CPU
		{7F3C2C10-4CCF-4D00-9B55-89EAB78E0DC9}.Release|Any CPU.Build.0 = Release|Any CPU
		{DFB51A98-8BC8-4E47-BCFC-DAA7DF98A866}.Debug|Any CPU.ActiveCfg = Debug|Any CPU
		{DFB51A98-8BC8-4E47-BCFC-DAA7DF98A866}.Debug|Any CPU.Build.0 = Debug|Any CPU
		{DFB51A98-8BC8-4E47-BCFC-DAA7DF98A866}.Release|Any CPU.ActiveCfg = Release|Any CPU
		{DFB51A98-8BC8-4E47-BCFC-DAA7DF98A866}.Release|Any CPU.Build.0 = Release|Any CPU
	EndGlobalSection
	GlobalSection(SolutionProperties) = preSolution
		HideSolutionNode = FALSE
	EndGlobalSection
	GlobalSection(ExtensibilityGlobals) = postSolution
		SolutionGuid = {3EF5CBA5-91F9-4202-AB3E-87CBA206EFFB}
	EndGlobalSection
EndGlobal
